
Microsoft Visual Studio Solution File, Format Version 12.00
# Visual Studio Version 17
VisualStudioVersion = 17.11.35222.181
MinimumVisualStudioVersion = 10.0.40219.1
Project("{FAE04EC0-301F-11D3-BF4B-00C04F79EFBC}") = "lr7", "lr7\lr7.csproj", "{3300B896-FA05-492F-BD88-670C6E04269C}"
EndProject
Global
	GlobalSection(SolutionConfigurationPlatforms) = preSolution
		Debug|Any CPU = Debug|Any CPU
		Release|Any CPU = Release|Any CPU
	EndGlobalSection
	GlobalSection(ProjectConfigurationPlatforms) = postSolution
		{3300B896-FA05-492F-BD88-670C6E04269C}.Debug|Any CPU.ActiveCfg = Debug|Any CPU
		{3300B896-FA05-492F-BD88-670C6E04269C}.Debug|Any CPU.Build.0 = Debug|Any CPU
		{3300B896-FA05-492F-BD88-670C6E04269C}.Release|Any CPU.ActiveCfg = Release|Any CPU
		{3300B896-FA05-492F-BD88-670C6E04269C}.Release|Any CPU.Build.0 = Release|Any CPU
	EndGlobalSection
	GlobalSection(SolutionProperties) = preSolution
		HideSolutionNode = FALSE
	EndGlobalSection
	GlobalSection(ExtensibilityGlobals) = postSolution
		SolutionGuid = {13AC1886-F47B-4B2B-8AA9-7284F1D6E399}
	EndGlobalSection
EndGlobal
